PODS:
  - Alamofire (4.9.0)
  - AlamofireImage (3.5.2):
    - Alamofire (~> 4.8)
  - IQKeyboardManagerSwift (6.5.4)
  - KVNProgress (2.3.5)

DEPENDENCIES:
  - Alamofire (~> 4.8)
  - AlamofireImage (~> 3.5)
  - IQKeyboardManagerSwift
  - KVNProgress

SPEC REPOS:
  trunk:
    - Alamofire
    - AlamofireImage
    - IQKeyboardManagerSwift
    - KVNProgress

SPEC CHECKSUMS:
  Alamofire: afc3e7c6db61476cb45cdd23fed06bad03bbc321
  AlamofireImage: 63cfe3baf1370be6c498149687cf6db3e3b00999
  IQKeyboardManagerSwift: 2dde0fc70110e8eac7ccce2a46fdbec6a850b414
  KVNProgress: d7046cce142f1aeb740db39dc3cacfe910fac354

PODFILE CHECKSUM: ac6e7ea72b433ea1d5fd4a524074c2f93c46ff4c

COCOAPODS: 1.8.4
